
Microsoft Visual Studio Solution File, Format Version 12.00
# Visual Studio Version 17
VisualStudioVersion = 17.4.33205.214
MinimumVisualStudioVersion = 10.0.40219.1
Project("{FAE04EC0-301F-11D3-BF4B-00C04F79EFBC}") = "tag_unpacker_working", "tag_unpacker_working.csproj", "{1F3ADACC-4017-4044-8739-9F3210EA5E03}"
EndProject
Global
	GlobalSection(SolutionConfigurationPlatforms) = preSolution
		Debug|Any CPU = Debug|Any CPU
		Release|Any CPU = Release|Any CPU
	EndGlobalSection
	GlobalSection(ProjectConfigurationPlatforms) = postSolution
		{1F3ADACC-4017-4044-8739-9F3210EA5E03}.Debug|Any CPU.ActiveCfg = Debug|Any CPU
		{1F3ADACC-4017-4044-8739-9F3210EA5E03}.Debug|Any CPU.Build.0 = Debug|Any CPU
		{1F3ADACC-4017-4044-8739-9F3210EA5E03}.Release|Any CPU.ActiveCfg = Release|Any CPU
		{1F3ADACC-4017-4044-8739-9F3210EA5E03}.Release|Any CPU.Build.0 = Release|Any CPU
	EndGlobalSection
	GlobalSection(SolutionProperties) = preSolution
		HideSolutionNode = FALSE
	EndGlobalSection
	GlobalSection(ExtensibilityGlobals) = postSolution
		SolutionGuid = {C2B002BB-834F-432B-BCD3-2A3357CC7B1E}
	EndGlobalSection
EndGlobal
